schema: '2.0'
stages:
  download_wjazzd_dataset:
    cmd: curl https://jazzomat.hfm-weimar.de/download/downloads/wjazzd.db -o 
      data/raw/wjazzd.db
    outs:
    - path: data/raw/wjazzd.db
      hash: md5
      md5: 89f02b08ce00e3f46ffd466c8f3e0e5d
      size: 42512384
  make_dataset:
    cmd: uv run python -m src.model.make_dataset data/raw/wjazzd.db 
      data/interim/train.json
    deps:
    - path: data/raw/wjazzd.db
      hash: md5
      md5: 89f02b08ce00e3f46ffd466c8f3e0e5d
      size: 42512384
    - path: src/model/make_dataset.py
      hash: md5
      md5: 818ae65b8ebf8b59b259eddd9128ea80
      size: 7645
    outs:
    - path: data/interim/train.json
      hash: md5
      md5: 19832914ba9f4e183cb51740531c5754
      size: 3560985
  train_model_llama-midi:
    cmd: uv run python -m src.model.train_model --model_name 'dx2102/llama-midi'
      --num_train_epochs 5 data/interim/train.json models/llama-midi.pth/
    deps:
    - path: data/interim/train.json
      hash: md5
      md5: 19832914ba9f4e183cb51740531c5754
      size: 3560985
    - path: src/model/train_model.py
      hash: md5
      md5: 32ccd869d9464d9b0ee1728dda2a6bfb
      size: 9099
    outs:
    - path: models/llama-midi.pth/
      hash: md5
      md5: 51d1dd7534a594d30c5696401e0995c2.dir
      size: 62389352
      nfiles: 7
  train_model_llama_3.2-1b:
    cmd: uv run python -m src.model.train_model --model_name 
      'unsloth/Llama-3.2-1B-bnb-4bit' --num_train_epochs 5 
      data/interim/train.json models/llama-3.2-1b.pth/
    deps:
    - path: data/interim/train.json
      hash: md5
      md5: 19832914ba9f4e183cb51740531c5754
      size: 3560985
    - path: src/model/train_model.py
      hash: md5
      md5: 32ccd869d9464d9b0ee1728dda2a6bfb
      size: 9099
    outs:
    - path: models/llama-3.2-1b.pth/
      hash: md5
      md5: 841ec966712afa7dc0eb4c2845f247a3.dir
      size: 62385622
      nfiles: 6
  evaluate_model:
    cmd: uv run python -m src.model.evaluate --model_paths 
      models/llama-midi.pth/ models/llama-3.2-1b.pth/ --soundfont_path 
      data/raw/FluidR3_GM.sf2 && date > data/interim/flag_evaluate_model.txt
    deps:
    - path: data/raw/FluidR3_GM.sf2
      hash: md5
      md5: 1cc160a92fadb6a43eb1695563524982
      size: 32322864
    - path: models/llama-3.2-1b.pth/
      hash: md5
      md5: 841ec966712afa7dc0eb4c2845f247a3.dir
      size: 62385622
      nfiles: 6
    - path: models/llama-midi.pth/
      hash: md5
      md5: 51d1dd7534a594d30c5696401e0995c2.dir
      size: 62389352
      nfiles: 7
    - path: src/model/chord_name_parser.py
      hash: md5
      md5: c0a22f1515f985e7c595dbfbe2221d3b
      size: 7068
    - path: src/model/evaluate.py
      hash: md5
      md5: 05921bdbd50d125007e76033ee6ef997
      size: 8415
    - path: src/model/melody_processor.py
      hash: md5
      md5: 59be6753782ec198a7b51b3565505d24
      size: 7869
    - path: src/model/utils.py
      hash: md5
      md5: 839cf709a0ff72543968eacc534ad63b
      size: 3468
    outs:
    - path: data/interim/flag_evaluate_model.txt
      hash: md5
      md5: 4e4fa54a9129e97c654f29464a643af9
      size: 43
  download_soundfont:
    cmd: wget -q 
      https://github.com/mrbumpy409/GeneralUser-GS/raw/refs/heads/main/GeneralUser-GS.sf2
      -O data/raw/FluidR3_GM.sf2
    outs:
    - path: data/raw/FluidR3_GM.sf2
      hash: md5
      md5: 1cc160a92fadb6a43eb1695563524982
      size: 32322864
