schema: '2.0'
stages:
  download_wjazzd_dataset:
    cmd: curl https://jazzomat.hfm-weimar.de/download/downloads/wjazzd.db -o 
      data/raw/wjazzd.db
    outs:
    - path: data/raw/wjazzd.db
      hash: md5
      md5: 89f02b08ce00e3f46ffd466c8f3e0e5d
      size: 42512384
  make_dataset:
    cmd: uv run python -m src.make_dataset data/raw/wjazzd.db 
      data/interim/train.json
    deps:
    - path: data/raw/wjazzd.db
      hash: md5
      md5: 89f02b08ce00e3f46ffd466c8f3e0e5d
      size: 42512384
    - path: src/make_dataset.py
      hash: md5
      md5: a4575146e6d7dbbc8b6c8821f5f1d729
      size: 5995
    outs:
    - path: data/interim/train.json
      hash: md5
      md5: 19832914ba9f4e183cb51740531c5754
      size: 3560985
